
Microsoft Visual Studio Solution File, Format Version 12.00
# Visual Studio Version 17
VisualStudioVersion = 17.3.32804.467
MinimumVisualStudioVersion = 10.0.40219.1
Project("{FAE04EC0-301F-11D3-BF4B-00C04F79EFBC}") = "DonguselMetot", "DonguselMetot\DonguselMetot.csproj", "{CF28884E-E2C9-4165-B958-9E97AE4722A7}"
EndProject
Global
	GlobalSection(SolutionConfigurationPlatforms) = preSolution
		Debug|Any CPU = Debug|Any CPU
		Release|Any CPU = Release|Any CPU
	EndGlobalSection
	GlobalSection(ProjectConfigurationPlatforms) = postSolution
		{CF28884E-E2C9-4165-B958-9E97AE4722A7}.Debug|Any CPU.ActiveCfg = Debug|Any CPU
		{CF28884E-E2C9-4165-B958-9E97AE4722A7}.Debug|Any CPU.Build.0 = Debug|Any CPU
		{CF28884E-E2C9-4165-B958-9E97AE4722A7}.Release|Any CPU.ActiveCfg = Release|Any CPU
		{CF28884E-E2C9-4165-B958-9E97AE4722A7}.Release|Any CPU.Build.0 = Release|Any CPU
	EndGlobalSection
	GlobalSection(SolutionProperties) = preSolution
		HideSolutionNode = FALSE
	EndGlobalSection
	GlobalSection(ExtensibilityGlobals) = postSolution
		SolutionGuid = {F019DFF4-1FE8-4241-98A1-21E3FAC3D84E}
	EndGlobalSection
EndGlobal
