
Microsoft Visual Studio Solution File, Format Version 12.00
# Visual Studio Version 17
VisualStudioVersion = 17.3.32804.467
MinimumVisualStudioVersion = 10.0.40219.1
Project("{FAE04EC0-301F-11D3-BF4B-00C04F79EFBC}") = "Scope2", "Scope2\Scope2.csproj", "{E33DB779-BCB4-4CA9-BD1A-9640CA5A50DC}"
EndProject
Global
	GlobalSection(SolutionConfigurationPlatforms) = preSolution
		Debug|Any CPU = Debug|Any CPU
		Release|Any CPU = Release|Any CPU
	EndGlobalSection
	GlobalSection(ProjectConfigurationPlatforms) = postSolution
		{E33DB779-BCB4-4CA9-BD1A-9640CA5A50DC}.Debug|Any CPU.ActiveCfg = Debug|Any CPU
		{E33DB779-BCB4-4CA9-BD1A-9640CA5A50DC}.Debug|Any CPU.Build.0 = Debug|Any CPU
		{E33DB779-BCB4-4CA9-BD1A-9640CA5A50DC}.Release|Any CPU.ActiveCfg = Release|Any CPU
		{E33DB779-BCB4-4CA9-BD1A-9640CA5A50DC}.Release|Any CPU.Build.0 = Release|Any CPU
	EndGlobalSection
	GlobalSection(SolutionProperties) = preSolution
		HideSolutionNode = FALSE
	EndGlobalSection
	GlobalSection(ExtensibilityGlobals) = postSolution
		SolutionGuid = {CED113AF-C7D3-4BEC-A855-A56E49FDCF85}
	EndGlobalSection
EndGlobal
