
Microsoft Visual Studio Solution File, Format Version 12.00
# Visual Studio Version 17
VisualStudioVersion = 17.3.32804.467
MinimumVisualStudioVersion = 10.0.40219.1
Project("{FAE04EC0-301F-11D3-BF4B-00C04F79EFBC}") = "ApiWithDb", "ApiWithDb\ApiWithDb.csproj", "{9254B8C5-49B8-420C-890C-DD7F6475204B}"
EndProject
Global
	GlobalSection(SolutionConfigurationPlatforms) = preSolution
		Debug|Any CPU = Debug|Any CPU
		Release|Any CPU = Release|Any CPU
	EndGlobalSection
	GlobalSection(ProjectConfigurationPlatforms) = postSolution
		{9254B8C5-49B8-420C-890C-DD7F6475204B}.Debug|Any CPU.ActiveCfg = Debug|Any CPU
		{9254B8C5-49B8-420C-890C-DD7F6475204B}.Debug|Any CPU.Build.0 = Debug|Any CPU
		{9254B8C5-49B8-420C-890C-DD7F6475204B}.Release|Any CPU.ActiveCfg = Release|Any CPU
		{9254B8C5-49B8-420C-890C-DD7F6475204B}.Release|Any CPU.Build.0 = Release|Any CPU
	EndGlobalSection
	GlobalSection(SolutionProperties) = preSolution
		HideSolutionNode = FALSE
	EndGlobalSection
	GlobalSection(ExtensibilityGlobals) = postSolution
		SolutionGuid = {43B3DA13-44E7-4746-99FF-6D3DEDCF937A}
	EndGlobalSection
EndGlobal
