
Microsoft Visual Studio Solution File, Format Version 12.00
# Visual Studio Version 17
VisualStudioVersion = 17.3.32804.467
MinimumVisualStudioVersion = 10.0.40219.1
Project("{FAE04EC0-301F-11D3-BF4B-00C04F79EFBC}") = "Kapsulleme", "Kapsulleme\Kapsulleme.csproj", "{E4AC8A14-EB43-4905-AA25-3360BCAC7F92}"
EndProject
Project("{FAE04EC0-301F-11D3-BF4B-00C04F79EFBC}") = "ExtensionMetod", "ExtensionMetod\ExtensionMetod.csproj", "{47D62A67-0F62-4CC4-ABF4-70F778240E98}"
EndProject
Global
	GlobalSection(SolutionConfigurationPlatforms) = preSolution
		Debug|Any CPU = Debug|Any CPU
		Release|Any CPU = Release|Any CPU
	EndGlobalSection
	GlobalSection(ProjectConfigurationPlatforms) = postSolution
		{E4AC8A14-EB43-4905-AA25-3360BCAC7F92}.Debug|Any CPU.ActiveCfg = Debug|Any CPU
		{E4AC8A14-EB43-4905-AA25-3360BCAC7F92}.Debug|Any CPU.Build.0 = Debug|Any CPU
		{E4AC8A14-EB43-4905-AA25-3360BCAC7F92}.Release|Any CPU.ActiveCfg = Release|Any CPU
		{E4AC8A14-EB43-4905-AA25-3360BCAC7F92}.Release|Any CPU.Build.0 = Release|Any CPU
		{47D62A67-0F62-4CC4-ABF4-70F778240E98}.Debug|Any CPU.ActiveCfg = Debug|Any CPU
		{47D62A67-0F62-4CC4-ABF4-70F778240E98}.Debug|Any CPU.Build.0 = Debug|Any CPU
		{47D62A67-0F62-4CC4-ABF4-70F778240E98}.Release|Any CPU.ActiveCfg = Release|Any CPU
		{47D62A67-0F62-4CC4-ABF4-70F778240E98}.Release|Any CPU.Build.0 = Release|Any CPU
	EndGlobalSection
	GlobalSection(SolutionProperties) = preSolution
		HideSolutionNode = FALSE
	EndGlobalSection
	GlobalSection(ExtensibilityGlobals) = postSolution
		SolutionGuid = {5B627621-19AA-4E12-8E0F-554558A5413A}
	EndGlobalSection
EndGlobal
