
Microsoft Visual Studio Solution File, Format Version 12.00
# Visual Studio Version 17
VisualStudioVersion = 17.3.32825.248
MinimumVisualStudioVersion = 10.0.40219.1
Project("{FAE04EC0-301F-11D3-BF4B-00C04F79EFBC}") = "MVCwithTemplate", "MVCwithTemplate\MVCwithTemplate.csproj", "{B218D6F0-8919-4633-8B1D-79082BCA3CDC}"
EndProject
Global
	GlobalSection(SolutionConfigurationPlatforms) = preSolution
		Debug|Any CPU = Debug|Any CPU
		Release|Any CPU = Release|Any CPU
	EndGlobalSection
	GlobalSection(ProjectConfigurationPlatforms) = postSolution
		{B218D6F0-8919-4633-8B1D-79082BCA3CDC}.Debug|Any CPU.ActiveCfg = Debug|Any CPU
		{B218D6F0-8919-4633-8B1D-79082BCA3CDC}.Debug|Any CPU.Build.0 = Debug|Any CPU
		{B218D6F0-8919-4633-8B1D-79082BCA3CDC}.Release|Any CPU.ActiveCfg = Release|Any CPU
		{B218D6F0-8919-4633-8B1D-79082BCA3CDC}.Release|Any CPU.Build.0 = Release|Any CPU
	EndGlobalSection
	GlobalSection(SolutionProperties) = preSolution
		HideSolutionNode = FALSE
	EndGlobalSection
	GlobalSection(ExtensibilityGlobals) = postSolution
		SolutionGuid = {2BC0EEB5-4457-4672-B3CE-3DEDA5E43F31}
	EndGlobalSection
EndGlobal
