
Microsoft Visual Studio Solution File, Format Version 12.00
# Visual Studio Version 17
VisualStudioVersion = 17.3.32804.467
MinimumVisualStudioVersion = 10.0.40219.1
Project("{FAE04EC0-301F-11D3-BF4B-00C04F79EFBC}") = "GenericDegiskenler", "GenericDegiskenler\GenericDegiskenler.csproj", "{796B0011-D0E8-4FA5-B02D-FCB17396412F}"
EndProject
Global
	GlobalSection(SolutionConfigurationPlatforms) = preSolution
		Debug|Any CPU = Debug|Any CPU
		Release|Any CPU = Release|Any CPU
	EndGlobalSection
	GlobalSection(ProjectConfigurationPlatforms) = postSolution
		{796B0011-D0E8-4FA5-B02D-FCB17396412F}.Debug|Any CPU.ActiveCfg = Debug|Any CPU
		{796B0011-D0E8-4FA5-B02D-FCB17396412F}.Debug|Any CPU.Build.0 = Debug|Any CPU
		{796B0011-D0E8-4FA5-B02D-FCB17396412F}.Release|Any CPU.ActiveCfg = Release|Any CPU
		{796B0011-D0E8-4FA5-B02D-FCB17396412F}.Release|Any CPU.Build.0 = Release|Any CPU
	EndGlobalSection
	GlobalSection(SolutionProperties) = preSolution
		HideSolutionNode = FALSE
	EndGlobalSection
	GlobalSection(ExtensibilityGlobals) = postSolution
		SolutionGuid = {10934972-420C-4C4F-B335-D7AFF1041974}
	EndGlobalSection
EndGlobal
