
Microsoft Visual Studio Solution File, Format Version 12.00
# Visual Studio Version 17
VisualStudioVersion = 17.3.32804.467
MinimumVisualStudioVersion = 10.0.40219.1
Project("{FAE04EC0-301F-11D3-BF4B-00C04F79EFBC}") = "NedenOOP", "NedenOOP\NedenOOP.csproj", "{54F27FB7-1466-4488-A6ED-C1CBD2C3D9DA}"
EndProject
Global
	GlobalSection(SolutionConfigurationPlatforms) = preSolution
		Debug|Any CPU = Debug|Any CPU
		Release|Any CPU = Release|Any CPU
	EndGlobalSection
	GlobalSection(ProjectConfigurationPlatforms) = postSolution
		{54F27FB7-1466-4488-A6ED-C1CBD2C3D9DA}.Debug|Any CPU.ActiveCfg = Debug|Any CPU
		{54F27FB7-1466-4488-A6ED-C1CBD2C3D9DA}.Debug|Any CPU.Build.0 = Debug|Any CPU
		{54F27FB7-1466-4488-A6ED-C1CBD2C3D9DA}.Release|Any CPU.ActiveCfg = Release|Any CPU
		{54F27FB7-1466-4488-A6ED-C1CBD2C3D9DA}.Release|Any CPU.Build.0 = Release|Any CPU
	EndGlobalSection
	GlobalSection(SolutionProperties) = preSolution
		HideSolutionNode = FALSE
	EndGlobalSection
	GlobalSection(ExtensibilityGlobals) = postSolution
		SolutionGuid = {CB339C27-741C-498F-A65B-33D73D43C42B}
	EndGlobalSection
EndGlobal
