
Microsoft Visual Studio Solution File, Format Version 12.00
# Visual Studio Version 17
VisualStudioVersion = 17.3.32804.467
MinimumVisualStudioVersion = 10.0.40219.1
Project("{FAE04EC0-301F-11D3-BF4B-00C04F79EFBC}") = "MvcModel", "MvcModel\MvcModel.csproj", "{402AB2FB-5B65-448C-AD57-F327CB8916B3}"
EndProject
Global
	GlobalSection(SolutionConfigurationPlatforms) = preSolution
		Debug|Any CPU = Debug|Any CPU
		Release|Any CPU = Release|Any CPU
	EndGlobalSection
	GlobalSection(ProjectConfigurationPlatforms) = postSolution
		{402AB2FB-5B65-448C-AD57-F327CB8916B3}.Debug|Any CPU.ActiveCfg = Debug|Any CPU
		{402AB2FB-5B65-448C-AD57-F327CB8916B3}.Debug|Any CPU.Build.0 = Debug|Any CPU
		{402AB2FB-5B65-448C-AD57-F327CB8916B3}.Release|Any CPU.ActiveCfg = Release|Any CPU
		{402AB2FB-5B65-448C-AD57-F327CB8916B3}.Release|Any CPU.Build.0 = Release|Any CPU
	EndGlobalSection
	GlobalSection(SolutionProperties) = preSolution
		HideSolutionNode = FALSE
	EndGlobalSection
	GlobalSection(ExtensibilityGlobals) = postSolution
		SolutionGuid = {028A2892-5074-4E75-B87A-B17BAD8E9753}
	EndGlobalSection
EndGlobal
