
Microsoft Visual Studio Solution File, Format Version 12.00
# Visual Studio Version 17
VisualStudioVersion = 17.3.32825.248
MinimumVisualStudioVersion = 10.0.40219.1
Project("{FAE04EC0-301F-11D3-BF4B-00C04F79EFBC}") = "MVCwithBoot", "MVCwithBoot\MVCwithBoot.csproj", "{CE66F143-CC46-40A9-B3F9-6A80DD483FBD}"
EndProject
Global
	GlobalSection(SolutionConfigurationPlatforms) = preSolution
		Debug|Any CPU = Debug|Any CPU
		Release|Any CPU = Release|Any CPU
	EndGlobalSection
	GlobalSection(ProjectConfigurationPlatforms) = postSolution
		{CE66F143-CC46-40A9-B3F9-6A80DD483FBD}.Debug|Any CPU.ActiveCfg = Debug|Any CPU
		{CE66F143-CC46-40A9-B3F9-6A80DD483FBD}.Debug|Any CPU.Build.0 = Debug|Any CPU
		{CE66F143-CC46-40A9-B3F9-6A80DD483FBD}.Release|Any CPU.ActiveCfg = Release|Any CPU
		{CE66F143-CC46-40A9-B3F9-6A80DD483FBD}.Release|Any CPU.Build.0 = Release|Any CPU
	EndGlobalSection
	GlobalSection(SolutionProperties) = preSolution
		HideSolutionNode = FALSE
	EndGlobalSection
	GlobalSection(ExtensibilityGlobals) = postSolution
		SolutionGuid = {7FD0041F-71FB-44C3-805A-6BADB5807897}
	EndGlobalSection
EndGlobal
