
Microsoft Visual Studio Solution File, Format Version 12.00
# Visual Studio Version 17
VisualStudioVersion = 17.3.32804.467
MinimumVisualStudioVersion = 10.0.40219.1
Project("{FAE04EC0-301F-11D3-BF4B-00C04F79EFBC}") = "OgrenciProje2", "OgrenciProje2\OgrenciProje2.csproj", "{83DD9123-1D80-4E56-AB03-D6FD270B4B55}"
EndProject
Global
	GlobalSection(SolutionConfigurationPlatforms) = preSolution
		Debug|Any CPU = Debug|Any CPU
		Release|Any CPU = Release|Any CPU
	EndGlobalSection
	GlobalSection(ProjectConfigurationPlatforms) = postSolution
		{83DD9123-1D80-4E56-AB03-D6FD270B4B55}.Debug|Any CPU.ActiveCfg = Debug|Any CPU
		{83DD9123-1D80-4E56-AB03-D6FD270B4B55}.Debug|Any CPU.Build.0 = Debug|Any CPU
		{83DD9123-1D80-4E56-AB03-D6FD270B4B55}.Release|Any CPU.ActiveCfg = Release|Any CPU
		{83DD9123-1D80-4E56-AB03-D6FD270B4B55}.Release|Any CPU.Build.0 = Release|Any CPU
	EndGlobalSection
	GlobalSection(SolutionProperties) = preSolution
		HideSolutionNode = FALSE
	EndGlobalSection
	GlobalSection(ExtensibilityGlobals) = postSolution
		SolutionGuid = {F014F73F-5218-4ACD-936E-96038BF20A22}
	EndGlobalSection
EndGlobal
